
Microsoft Visual Studio Solution File, Format Version 12.00
# Visual Studio Version 17
VisualStudioVersion = 17.5.33424.131
MinimumVisualStudioVersion = 10.0.40219.1
Project("{FAE04EC0-301F-11D3-BF4B-00C04F79EFBC}") = "ChallengeIfStatements", "ChallengeIfStatements\ChallengeIfStatements.csproj", "{50A18B20-68B2-4A93-8BCD-39222C311BBB}"
EndProject
Global
	GlobalSection(SolutionConfigurationPlatforms) = preSolution
		Debug|Any CPU = Debug|Any CPU
		Release|Any CPU = Release|Any CPU
	EndGlobalSection
	GlobalSection(ProjectConfigurationPlatforms) = postSolution
		{50A18B20-68B2-4A93-8BCD-39222C311BBB}.Debug|Any CPU.ActiveCfg = Debug|Any CPU
		{50A18B20-68B2-4A93-8BCD-39222C311BBB}.Debug|Any CPU.Build.0 = Debug|Any CPU
		{50A18B20-68B2-4A93-8BCD-39222C311BBB}.Release|Any CPU.ActiveCfg = Release|Any CPU
		{50A18B20-68B2-4A93-8BCD-39222C311BBB}.Release|Any CPU.Build.0 = Release|Any CPU
	EndGlobalSection
	GlobalSection(SolutionProperties) = preSolution
		HideSolutionNode = FALSE
	EndGlobalSection
	GlobalSection(ExtensibilityGlobals) = postSolution
		SolutionGuid = {1FFBAE7C-D1BC-4B0B-A47C-539F6D48EF4D}
	EndGlobalSection
EndGlobal
